
Microsoft Visual Studio Solution File, Format Version 12.00
# Visual Studio Version 16
VisualStudioVersion = 16.0.30804.86
MinimumVisualStudioVersion = 10.0.40219.1
Project("{FAE04EC0-301F-11D3-BF4B-00C04F79EFBC}") = "DallinCollinsAssignment9", "DallinCollinsAssignment9.csproj", "{DBA31CD7-7C8B-40A0-B0DB-4685989FC0DB}"
EndProject
Global
	GlobalSection(SolutionConfigurationPlatforms) = preSolution
		Debug|Any CPU = Debug|Any CPU
		Release|Any CPU = Release|Any CPU
	EndGlobalSection
	GlobalSection(ProjectConfigurationPlatforms) = postSolution
		{DBA31CD7-7C8B-40A0-B0DB-4685989FC0DB}.Debug|Any CPU.ActiveCfg = Debug|Any CPU
		{DBA31CD7-7C8B-40A0-B0DB-4685989FC0DB}.Debug|Any CPU.Build.0 = Debug|Any CPU
		{DBA31CD7-7C8B-40A0-B0DB-4685989FC0DB}.Release|Any CPU.ActiveCfg = Release|Any CPU
		{DBA31CD7-7C8B-40A0-B0DB-4685989FC0DB}.Release|Any CPU.Build.0 = Release|Any CPU
	EndGlobalSection
	GlobalSection(SolutionProperties) = preSolution
		HideSolutionNode = FALSE
	EndGlobalSection
	GlobalSection(ExtensibilityGlobals) = postSolution
		SolutionGuid = {194685BA-ACF7-4C9F-B2C2-9CFC5DF78F4D}
	EndGlobalSection
EndGlobal
